
Microsoft Visual Studio Solution File, Format Version 12.00
# Visual Studio Version 17
VisualStudioVersion = 17.14.36401.2
MinimumVisualStudioVersion = 10.0.40219.1
Project("{54A90642-561A-4BB1-A94E-469ADEE60C69}") = "glucosemonitoringapp.client", "glucosemonitoringapp.client\glucosemonitoringapp.client.esproj", "{870D81B8-1A13-84EC-A7F8-5E9291951200}"
EndProject
Project("{FAE04EC0-301F-11D3-BF4B-00C04F79EFBC}") = "GlucoseMonitoringApp.Server", "GlucoseMonitoringApp.Server\GlucoseMonitoringApp.Server.csproj", "{0B595C20-1DAB-4954-A756-C85AC51BAD4F}"
EndProject
Project("{FAE04EC0-301F-11D3-BF4B-00C04F79EFBC}") = "Domain", "Domain\Domain.csproj", "{91139856-B0BD-4F5A-8BC5-DF7FCF1765E7}"
EndProject
Project("{FAE04EC0-301F-11D3-BF4B-00C04F79EFBC}") = "Application", "Application\Application.csproj", "{FC17F5CC-9472-4F3C-9B1F-F285605C8B4A}"
EndProject
Project("{FAE04EC0-301F-11D3-BF4B-00C04F79EFBC}") = "Infrastructure", "Infrastructure\Infrastructure.csproj", "{E828CAE4-824D-49ED-81E1-2498E6376EBE}"
EndProject
Global
	GlobalSection(SolutionConfigurationPlatforms) = preSolution
		Debug|Any CPU = Debug|Any CPU
		Release|Any CPU = Release|Any CPU
	EndGlobalSection
	GlobalSection(ProjectConfigurationPlatforms) = postSolution
		{870D81B8-1A13-84EC-A7F8-5E9291951200}.Debug|Any CPU.ActiveCfg = Debug|Any CPU
		{870D81B8-1A13-84EC-A7F8-5E9291951200}.Debug|Any CPU.Build.0 = Debug|Any CPU
		{870D81B8-1A13-84EC-A7F8-5E9291951200}.Debug|Any CPU.Deploy.0 = Debug|Any CPU
		{870D81B8-1A13-84EC-A7F8-5E9291951200}.Release|Any CPU.ActiveCfg = Release|Any CPU
		{870D81B8-1A13-84EC-A7F8-5E9291951200}.Release|Any CPU.Build.0 = Release|Any CPU
		{870D81B8-1A13-84EC-A7F8-5E9291951200}.Release|Any CPU.Deploy.0 = Release|Any CPU
		{0B595C20-1DAB-4954-A756-C85AC51BAD4F}.Debug|Any CPU.ActiveCfg = Debug|Any CPU
		{0B595C20-1DAB-4954-A756-C85AC51BAD4F}.Debug|Any CPU.Build.0 = Debug|Any CPU
		{0B595C20-1DAB-4954-A756-C85AC51BAD4F}.Release|Any CPU.ActiveCfg = Release|Any CPU
		{0B595C20-1DAB-4954-A756-C85AC51BAD4F}.Release|Any CPU.Build.0 = Release|Any CPU
		{91139856-B0BD-4F5A-8BC5-DF7FCF1765E7}.Debug|Any CPU.ActiveCfg = Debug|Any CPU
		{91139856-B0BD-4F5A-8BC5-DF7FCF1765E7}.Debug|Any CPU.Build.0 = Debug|Any CPU
		{91139856-B0BD-4F5A-8BC5-DF7FCF1765E7}.Release|Any CPU.ActiveCfg = Release|Any CPU
		{91139856-B0BD-4F5A-8BC5-DF7FCF1765E7}.Release|Any CPU.Build.0 = Release|Any CPU
		{FC17F5CC-9472-4F3C-9B1F-F285605C8B4A}.Debug|Any CPU.ActiveCfg = Debug|Any CPU
		{FC17F5CC-9472-4F3C-9B1F-F285605C8B4A}.Debug|Any CPU.Build.0 = Debug|Any CPU
		{FC17F5CC-9472-4F3C-9B1F-F285605C8B4A}.Release|Any CPU.ActiveCfg = Release|Any CPU
		{FC17F5CC-9472-4F3C-9B1F-F285605C8B4A}.Release|Any CPU.Build.0 = Release|Any CPU
		{E828CAE4-824D-49ED-81E1-2498E6376EBE}.Debug|Any CPU.ActiveCfg = Debug|Any CPU
		{E828CAE4-824D-49ED-81E1-2498E6376EBE}.Debug|Any CPU.Build.0 = Debug|Any CPU
		{E828CAE4-824D-49ED-81E1-2498E6376EBE}.Release|Any CPU.ActiveCfg = Release|Any CPU
		{E828CAE4-824D-49ED-81E1-2498E6376EBE}.Release|Any CPU.Build.0 = Release|Any CPU
	EndGlobalSection
	GlobalSection(SolutionProperties) = preSolution
		HideSolutionNode = FALSE
	EndGlobalSection
	GlobalSection(ExtensibilityGlobals) = postSolution
		SolutionGuid = {8142BBCC-A789-4360-B7B5-3F52BF6EE316}
	EndGlobalSection
EndGlobal
